
Microsoft Visual Studio Solution File, Format Version 12.00
# Visual Studio Version 16
VisualStudioVersion = 16.0.30011.22
MinimumVisualStudioVersion = 10.0.40219.1
Project("{FAE04EC0-301F-11D3-BF4B-00C04F79EFBC}") = "WebAPI", "WebAPI\WebAPI.csproj", "{25501F3D-B53E-4345-B477-5133E339F208}"
EndProject
Project("{9A19103F-16F7-4668-BE54-9A1E7A4F7556}") = "WebApplication", "WebApplication\WebApplication.csproj", "{DD3FE821-F56B-41E5-8F54-7CEEC5B1C2DC}"
EndProject
Project("{9A19103F-16F7-4668-BE54-9A1E7A4F7556}") = "MVCWebApplication", "MVCWebApplication\MVCWebApplication.csproj", "{7416F4E7-C888-4487-AEC8-5FC71855810C}"
EndProject
Project("{9A19103F-16F7-4668-BE54-9A1E7A4F7556}") = "CoreWebAPI", "CoreWebAPI\CoreWebAPI.csproj", "{FF5A1CA2-53FC-453B-A9FC-8938974781C9}"
EndProject
Project("{FAE04EC0-301F-11D3-BF4B-00C04F79EFBC}") = "WebAPIUnitTest", "WebAPIUnitTests\WebAPIUnitTest.csproj", "{D16A7642-0C74-4453-8334-7CF03512CA99}"
EndProject
Global
	GlobalSection(SolutionConfigurationPlatforms) = preSolution
		Debug|Any CPU = Debug|Any CPU
		Release|Any CPU = Release|Any CPU
	EndGlobalSection
	GlobalSection(ProjectConfigurationPlatforms) = postSolution
		{25501F3D-B53E-4345-B477-5133E339F208}.Debug|Any CPU.ActiveCfg = Debug|Any CPU
		{25501F3D-B53E-4345-B477-5133E339F208}.Debug|Any CPU.Build.0 = Debug|Any CPU
		{25501F3D-B53E-4345-B477-5133E339F208}.Release|Any CPU.ActiveCfg = Release|Any CPU
		{25501F3D-B53E-4345-B477-5133E339F208}.Release|Any CPU.Build.0 = Release|Any CPU
		{DD3FE821-F56B-41E5-8F54-7CEEC5B1C2DC}.Debug|Any CPU.ActiveCfg = Debug|Any CPU
		{DD3FE821-F56B-41E5-8F54-7CEEC5B1C2DC}.Debug|Any CPU.Build.0 = Debug|Any CPU
		{DD3FE821-F56B-41E5-8F54-7CEEC5B1C2DC}.Release|Any CPU.ActiveCfg = Release|Any CPU
		{DD3FE821-F56B-41E5-8F54-7CEEC5B1C2DC}.Release|Any CPU.Build.0 = Release|Any CPU
		{7416F4E7-C888-4487-AEC8-5FC71855810C}.Debug|Any CPU.ActiveCfg = Debug|Any CPU
		{7416F4E7-C888-4487-AEC8-5FC71855810C}.Debug|Any CPU.Build.0 = Debug|Any CPU
		{7416F4E7-C888-4487-AEC8-5FC71855810C}.Release|Any CPU.ActiveCfg = Release|Any CPU
		{7416F4E7-C888-4487-AEC8-5FC71855810C}.Release|Any CPU.Build.0 = Release|Any CPU
		{FF5A1CA2-53FC-453B-A9FC-8938974781C9}.Debug|Any CPU.ActiveCfg = Debug|Any CPU
		{FF5A1CA2-53FC-453B-A9FC-8938974781C9}.Debug|Any CPU.Build.0 = Debug|Any CPU
		{FF5A1CA2-53FC-453B-A9FC-8938974781C9}.Release|Any CPU.ActiveCfg = Release|Any CPU
		{FF5A1CA2-53FC-453B-A9FC-8938974781C9}.Release|Any CPU.Build.0 = Release|Any CPU
		{D16A7642-0C74-4453-8334-7CF03512CA99}.Debug|Any CPU.ActiveCfg = Debug|Any CPU
		{D16A7642-0C74-4453-8334-7CF03512CA99}.Debug|Any CPU.Build.0 = Debug|Any CPU
		{D16A7642-0C74-4453-8334-7CF03512CA99}.Release|Any CPU.ActiveCfg = Release|Any CPU
		{D16A7642-0C74-4453-8334-7CF03512CA99}.Release|Any CPU.Build.0 = Release|Any CPU
	EndGlobalSection
	GlobalSection(SolutionProperties) = preSolution
		HideSolutionNode = FALSE
	EndGlobalSection
	GlobalSection(ExtensibilityGlobals) = postSolution
		SolutionGuid = {3EB2505E-7A70-4E8A-9A20-9736C3D03E11}
	EndGlobalSection
EndGlobal
